// !$*UTF8*$!
{
	archiveVersion = 1;
	classes = {
	};
	objectVersion = 48;
	objects = {

/* Begin PBXBuildFile section */
		5686B878203DFF7700A36F70 /* AppDelegate.swift in Sources */ = {isa = PBXBuildFile; fileRef = 5686B877203DFF7700A36F70 /* AppDelegate.swift */; };
		5686B87D203DFF7700A36F70 /* Main.storyboard in Resources */ = {isa = PBXBuildFile; fileRef = 5686B87B203DFF7700A36F70 /* Main.storyboard */; };
		5686B87F203DFF7700A36F70 /* Assets.xcassets in Resources */ = {isa = PBXBuildFile; fileRef = 5686B87E203DFF7700A36F70 /* Assets.xcassets */; };
		5686B882203DFF7700A36F70 /* LaunchScreen.storyboard in Resources */ = {isa = PBXBuildFile; fileRef = 5686B880203DFF7700A36F70 /* LaunchScreen.storyboard */; };
		5686B88B203E113A00A36F70 /* CardsCell.swift in Sources */ = {isa = PBXBuildFile; fileRef = 5686B889203E113A00A36F70 /* CardsCell.swift */; };
		5686B88C203E113A00A36F70 /* CardsCell.xib in Resources */ = {isa = PBXBuildFile; fileRef = 5686B88A203E113A00A36F70 /* CardsCell.xib */; };
		5686B88E203E20FA00A36F70 /* CardTableViewController.swift in Sources */ = {isa = PBXBuildFile; fileRef = 5686B88D203E20FA00A36F70 /* CardTableViewController.swift */; };
/* End PBXBuildFile section */

/* Begin PBXFileReference section */
		5686B874203DFF7700A36F70 /* cards.app */ = {isa = PBXFileReference; explicitFileType = wrapper.application; includeInIndex = 0; path = cards.app; sourceTree = BUILT_PRODUCTS_DIR; };
		5686B877203DFF7700A36F70 /* AppDelegate.swift */ = {isa = PBXFileReference; lastKnownFileType = sourcecode.swift; path = AppDelegate.swift; sourceTree = "<group>"; };
		5686B87C203DFF7700A36F70 /* Base */ = {isa = PBXFileReference; lastKnownFileType = file.storyboard; name = Base; path = Base.lproj/Main.storyboard; sourceTree = "<group>"; };
		5686B87E203DFF7700A36F70 /* Assets.xcassets */ = {isa = PBXFileReference; lastKnownFileType = folder.assetcatalog; path = Assets.xcassets; sourceTree = "<group>"; };
		5686B881203DFF7700A36F70 /* Base */ = {isa = PBXFileReference; lastKnownFileType = file.storyboard; name = Base; path = Base.lproj/LaunchScreen.storyboard; sourceTree = "<group>"; };
		5686B883203DFF7700A36F70 /* Info.plist */ = {isa = PBXFileReference; lastKnownFileType = text.plist.xml; path = Info.plist; sourceTree = "<group>"; };
		5686B889203E113A00A36F70 /* CardsCell.swift */ = {isa = PBXFileReference; lastKnownFileType = sourcecode.swift; path = CardsCell.swift; sourceTree = "<group>"; };
		5686B88A203E113A00A36F70 /* CardsCell.xib */ = {isa = PBXFileReference; lastKnownFileType = file.xib; path = CardsCell.xib; sourceTree = "<group>"; };
		5686B88D203E20FA00A36F70 /* CardTableViewController.swift */ = {isa = PBXFileReference; lastKnownFileType = sourcecode.swift; path = CardTableViewController.swift; sourceTree = "<group>"; };
/* End PBXFileReference section */

/* Begin PBXFrameworksBuildPhase section */
		5686B871203DFF7700A36F70 /* Frameworks */ = {
			isa = PBXFrameworksBuildPhase;
			buildActionMask = 2147483647;
			files = (
			);
			runOnlyForDeploymentPostprocessing = 0;
		};
/* End PBXFrameworksBuildPhase section */

/* Begin PBXGroup section */
		5686B86B203DFF7600A36F70 = {
			isa = PBXGroup;
			children = (
				5686B876203DFF7700A36F70 /* cards */,
				5686B875203DFF7700A36F70 /* Products */,
			);
			sourceTree = "<group>";
		};
		5686B875203DFF7700A36F70 /* Products */ = {
			isa = PBXGroup;
			children = (
				5686B874203DFF7700A36F70 /* cards.app */,
			);
			name = Products;
			sourceTree = "<group>";
		};
		5686B876203DFF7700A36F70 /* cards */ = {
			isa = PBXGroup;
			children = (
				5686B877203DFF7700A36F70 /* AppDelegate.swift */,
				5686B889203E113A00A36F70 /* CardsCell.swift */,
				5686B88A203E113A00A36F70 /* CardsCell.xib */,
				5686B88D203E20FA00A36F70 /* CardTableViewController.swift */,
				5686B87B203DFF7700A36F70 /* Main.storyboard */,
				5686B87E203DFF7700A36F70 /* Assets.xcassets */,
				5686B880203DFF7700A36F70 /* LaunchScreen.storyboard */,
				5686B883203DFF7700A36F70 /* Info.plist */,
			);
			path = cards;
			sourceTree = "<group>";
		};
/* End PBXGroup section */

/* Begin PBXNativeTarget section */
		5686B873203DFF7700A36F70 /* cards */ = {
			isa = PBXNativeTarget;
			buildConfigurationList = 5686B886203DFF7700A36F70 /* Build configuration list for PBXNativeTarget "cards" */;
			buildPhases = (
				5686B870203DFF7700A36F70 /* Sources */,
				5686B871203DFF7700A36F70 /* Frameworks */,
				5686B872203DFF7700A36F70 /* Resources */,
			);
			buildRules = (
			);
			dependencies = (
			);
			name = cards;
			productName = cards;
			productReference = 5686B874203DFF7700A36F70 /* cards.app */;
			productType = "com.apple.product-type.application";
		};
/* End PBXNativeTarget section */

/* Begin PBXProject section */
		5686B86C203DFF7600A36F70 /* Project object */ = {
			isa = PBXProject;
			attributes = {
				LastSwiftUpdateCheck = 0920;
				LastUpgradeCheck = 0920;
				ORGANIZATIONNAME = Orbis;
				TargetAttributes = {
					5686B873203DFF7700A36F70 = {
						CreatedOnToolsVersion = 9.2;
						ProvisioningStyle = Automatic;
					};
				};
			};
			buildConfigurationList = 5686B86F203DFF7600A36F70 /* Build configuration list for PBXProject "cards" */;
			compatibilityVersion = "Xcode 8.0";
			developmentRegion = en;
			hasScannedForEncodings = 0;
			knownRegions = (
				en,
				Base,
			);
			mainGroup = 5686B86B203DFF7600A36F70;
			productRefGroup = 5686B875203DFF7700A36F70 /* Products */;
			projectDirPath = "";
			projectRoot = "";
			targets = (
				5686B873203DFF7700A36F70 /* cards */,
			);
		};
/* End PBXProject section */

/* Begin PBXResourcesBuildPhase section */
		5686B872203DFF7700A36F70 /* Resources */ = {
			isa = PBXResourcesBuildPhase;
			buildActionMask = 2147483647;
			files = (
				5686B882203DFF7700A36F70 /* LaunchScreen.storyboard in Resources */,
				5686B87F203DFF7700A36F70 /* Assets.xcassets in Resources */,
				5686B87D203DFF7700A36F70 /* Main.storyboard in Resources */,
				5686B88C203E113A00A36F70 /* CardsCell.xib in Resources */,
			);
			runOnlyForDeploymentPostprocessing = 0;
		};
/* End PBXResourcesBuildPhase section */

/* Begin PBXSourcesBuildPhase section */
		5686B870203DFF7700A36F70 /* Sources */ = {
			isa = PBXSourcesBuildPhase;
			buildActionMask = 2147483647;
			files = (
				5686B88B203E113A00A36F70 /* CardsCell.swift in Sources */,
				5686B878203DFF7700A36F70 /* AppDelegate.swift in Sources */,
				5686B88E203E20FA00A36F70 /* CardTableViewController.swift in Sources */,
			);
			runOnlyForDeploymentPostprocessing = 0;
		};
/* End PBXSourcesBuildPhase section */

/* Begin PBXVariantGroup section */
		5686B87B203DFF7700A36F70 /* Main.storyboard */ = {
			isa = PBXVariantGroup;
			children = (
				5686B87C203DFF7700A36F70 /* Base */,
			);
			name = Main.storyboard;
			sourceTree = "<group>";
		};
		5686B880203DFF7700A36F70 /* LaunchScreen.storyboard */ = {
			isa = PBXVariantGroup;
			children = (
				5686B881203DFF7700A36F70 /* Base */,
			);
			name = LaunchScreen.storyboard;
			sourceTree = "<group>";
		};
/* End PBXVariantGroup section */

/* Begin XCBuildConfiguration section */
		5686B884203DFF7700A36F70 /* Debug */ = {
			isa = XCBuildConfiguration;
			buildSettings = {
				ALWAYS_SEARCH_USER_PATHS = NO;
				CLANG_ANALYZER_NONNULL = YES;
				CLANG_ANALYZER_NUMBER_OBJECT_CONVERSION = YES_AGGRESSIVE;
				CLANG_CXX_LANGUAGE_STANDARD = "gnu++14";
				CLANG_CXX_LIBRARY = "libc++";
				CLANG_ENABLE_MODULES = YES;
				CLANG_ENABLE_OBJC_ARC = YES;
				CLANG_WARN_BLOCK_CAPTURE_AUTORELEASING = YES;
				CLANG_WARN_BOOL_CONVERSION = YES;
				CLANG_WARN_COMMA = YES;
				CLANG_WARN_CONSTANT_CONVERSION = YES;
				CLANG_WARN_DIRECT_OBJC_ISA_USAGE = YES_ERROR;
				CLANG_WARN_DOCUMENTATION_COMMENTS = YES;
				CLANG_WARN_EMPTY_BODY = YES;
				CLANG_WARN_ENUM_CONVERSION = YES;
				CLANG_WARN_INFINITE_RECURSION = YES;
				CLANG_WARN_INT_CONVERSION = YES;
				CLANG_WARN_NON_LITERAL_NULL_CONVERSION = YES;
				CLANG_WARN_OBJC_LITERAL_CONVERSION = YES;
				CLANG_WARN_OBJC_ROOT_CLASS = YES_ERROR;
				CLANG_WARN_RANGE_LOOP_ANALYSIS = YES;
				CLANG_WARN_STRICT_PROTOTYPES = YES;
				CLANG_WARN_SUSPICIOUS_MOVE = YES;
				CLANG_WARN_UNGUARDED_AVAILABILITY = YES_AGGRESSIVE;
				CLANG_WARN_UNREACHABLE_CODE = YES;
				CLANG_WARN__DUPLICATE_METHOD_MATCH = YES;
				CODE_SIGN_IDENTITY = "iPhone Developer";
				COPY_PHASE_STRIP = NO;
				DEBUG_INFORMATION_FORMAT = dwarf;
				ENABLE_STRICT_OBJC_MSGSEND = YES;
				ENABLE_TESTABILITY = YES;
				GCC_C_LANGUAGE_STANDARD = gnu11;
				GCC_DYNAMIC_NO_PIC = NO;
				GCC_NO_COMMON_BLOCKS = YES;
				GCC_OPTIMIZATION_LEVEL = 0;
				GCC_PREPROCESSOR_DEFINITIONS = (
					"DEBUG=1",
					"$(inherited)",
				);
				GCC_WARN_64_TO_32_BIT_CONVERSION = YES;
				GCC_WARN_ABOUT_RETURN_TYPE = YES_ERROR;
				GCC_WARN_UNDECLARED_SELECTOR = YES;
				GCC_WARN_UNINITIALIZED_AUTOS = YES_AGGRESSIVE;
				GCC_WARN_UNUSED_FUNCTION = YES;
				GCC_WARN_UNUSED_VARIABLE = YES;
				IPHONEOS_DEPLOYMENT_TARGET = 11.2;
				MTL_ENABLE_DEBUG_INFO = YES;
				ONLY_ACTIVE_ARCH = YES;
				SDKROOT = iphoneos;
				SWIFT_ACTIVE_COMPILATION_CONDITIONS = DEBUG;
				SWIFT_OPTIMIZATION_LEVEL = "-Onone";
			};
			name = Debug;
		};
		5686B885203DFF7700A36F70 /* Release */ = {
			isa = XCBuildConfiguration;
			buildSettings = {
				ALWAYS_SEARCH_USER_PATHS = NO;
				CLANG_ANALYZER_NONNULL = YES;
				CLANG_ANALYZER_NUMBER_OBJECT_CONVERSION = YES_AGGRESSIVE;
				CLANG_CXX_LANGUAGE_STANDARD = "gnu++14";
				CLANG_CXX_LIBRARY = "libc++";
				CLANG_ENABLE_MODULES = YES;
				CLANG_ENABLE_OBJC_ARC = YES;
				CLANG_WARN_BLOCK_CAPTURE_AUTORELEASING = YES;
				CLANG_WARN_BOOL_CONVERSION = YES;
				CLANG_WARN_COMMA = YES;
				CLANG_WARN_CONSTANT_CONVERSION = YES;
				CLANG_WARN_DIRECT_OBJC_ISA_USAGE = YES_ERROR;
				CLANG_WARN_DOCUMENTATION_COMMENTS = YES;
				CLANG_WARN_EMPTY_BODY = YES;
				CLANG_WARN_ENUM_CONVERSION = YES;
				CLANG_WARN_INFINITE_RECURSION = YES;
				CLANG_WARN_INT_CONVERSION = YES;
				CLANG_WARN_NON_LITERAL_NULL_CONVERSION = YES;
				CLANG_WARN_OBJC_LITERAL_CONVERSION = YES;
				CLANG_WARN_OBJC_ROOT_CLASS = YES_ERROR;
				CLANG_WARN_RANGE_LOOP_ANALYSIS = YES;
				CLANG_WARN_STRICT_PROTOTYPES = YES;
				CLANG_WARN_SUSPICIOUS_MOVE = YES;
				CLANG_WARN_UNGUARDED_AVAILABILITY = YES_AGGRESSIVE;
				CLANG_WARN_UNREACHABLE_CODE = YES;
				CLANG_WARN__DUPLICATE_METHOD_MATCH = YES;
				CODE_SIGN_IDENTITY = "iPhone Developer";
				COPY_PHASE_STRIP = NO;
				DEBUG_INFORMATION_FORMAT = "dwarf-with-dsym";
				ENABLE_NS_ASSERTIONS = NO;
				ENABLE_STRICT_OBJC_MSGSEND = YES;
				GCC_C_LANGUAGE_STANDARD = gnu11;
				GCC_NO_COMMON_BLOCKS = YES;
				GCC_WARN_64_TO_32_BIT_CONVERSION = YES;
				GCC_WARN_ABOUT_RETURN_TYPE = YES_ERROR;
				GCC_WARN_UNDECLARED_SELECTOR = YES;
				GCC_WARN_UNINITIALIZED_AUTOS = YES_AGGRESSIVE;
				GCC_WARN_UNUSED_FUNCTION = YES;
				GCC_WARN_UNUSED_VARIABLE = YES;
				IPHONEOS_DEPLOYMENT_TARGET = 11.2;
				MTL_ENABLE_DEBUG_INFO = NO;
				SDKROOT = iphoneos;
				SWIFT_OPTIMIZATION_LEVEL = "-Owholemodule";
				VALIDATE_PRODUCT = YES;
			};
			name = Release;
		};
		5686B887203DFF7700A36F70 /* Debug */ = {
			isa = XCBuildConfiguration;
			buildSettings = {
				ASSETCATALOG_COMPILER_APPICON_NAME = AppIcon;
				CODE_SIGN_STYLE = Automatic;
				DEVELOPMENT_TEAM = UULUGRSC24;
				INFOPLIST_FILE = cards/Info.plist;
				LD_RUNPATH_SEARCH_PATHS = "$(inherited) @executable_path/Frameworks";
				PRODUCT_BUNDLE_IDENTIFIER = orbis.cards;
				PRODUCT_NAME = "$(TARGET_NAME)";
				SWIFT_VERSION = 4.0;
				TARGETED_DEVICE_FAMILY = "1,2";
			};
			name = Debug;
		};
		5686B888203DFF7700A36F70 /* Release */ = {
			isa = XCBuildConfiguration;
			buildSettings = {
				ASSETCATALOG_COMPILER_APPICON_NAME = AppIcon;
				CODE_SIGN_STYLE = Automatic;
				DEVELOPMENT_TEAM = UULUGRSC24;
				INFOPLIST_FILE = cards/Info.plist;
				LD_RUNPATH_SEARCH_PATHS = "$(inherited) @executable_path/Frameworks";
				PRODUCT_BUNDLE_IDENTIFIER = orbis.cards;
				PRODUCT_NAME = "$(TARGET_NAME)";
				SWIFT_VERSION = 4.0;
				TARGETED_DEVICE_FAMILY = "1,2";
			};
			name = Release;
		};
/* End XCBuildConfiguration section */

/* Begin XCConfigurationList section */
		5686B86F203DFF7600A36F70 /* Build configuration list for PBXProject "cards" */ = {
			isa = XCConfigurationList;
			buildConfigurations = (
				5686B884203DFF7700A36F70 /* Debug */,
				5686B885203DFF7700A36F70 /* Release */,
			);
			defaultConfigurationIsVisible = 0;
			defaultConfigurationName = Release;
		};
		5686B886203DFF7700A36F70 /* Build configuration list for PBXNativeTarget "cards" */ = {
			isa = XCConfigurationList;
			buildConfigurations = (
				5686B887203DFF7700A36F70 /* Debug */,
				5686B888203DFF7700A36F70 /* Release */,
			);
			defaultConfigurationIsVisible = 0;
			defaultConfigurationName = Release;
		};
/* End XCConfigurationList section */
	};
	rootObject = 5686B86C203DFF7600A36F70 /* Project object */;
}
